
Microsoft Visual Studio Solution File, Format Version 12.00
# Visual Studio Version 17
VisualStudioVersion = 17.2.32602.215
MinimumVisualStudioVersion = 10.0.40219.1
Project("{9A19103F-16F7-4668-BE54-9A1E7A4F7556}") = "GridMvc.Demo", "GridMvc.Demo\GridMvc.Demo.csproj", "{0EF5DFF5-1E59-44E6-A7D6-31A6F7B90C56}"
EndProject
Project("{9A19103F-16F7-4668-BE54-9A1E7A4F7556}") = "GridMvc", "GridMvc\GridMvc.csproj", "{40DA789F-0ACE-4B80-841D-A07A46A90918}"
EndProject
Project("{9A19103F-16F7-4668-BE54-9A1E7A4F7556}") = "GridMvc.Tests", "GridMvc.Tests\GridMvc.Tests.csproj", "{EFBDEB2B-0AE4-4496-AB84-FC9F1A918DB6}"
EndProject
Project("{9A19103F-16F7-4668-BE54-9A1E7A4F7556}") = "GridBlazor", "GridBlazor\GridBlazor.csproj", "{330BFF8B-4188-4BAF-8A8B-97C1A691DD87}"
EndProject
Project("{9A19103F-16F7-4668-BE54-9A1E7A4F7556}") = "GridShared", "GridShared\GridShared.csproj", "{A37A45C0-E404-4C40-8A65-34464E20983C}"
EndProject
Project("{9A19103F-16F7-4668-BE54-9A1E7A4F7556}") = "GridBlazor.Tests", "GridBlazor.Tests\GridBlazor.Tests.csproj", "{80351E74-E7A8-4A72-8AB7-2E48E26BA139}"
EndProject
Project("{9A19103F-16F7-4668-BE54-9A1E7A4F7556}") = "GridBlazorServerSide", "GridBlazorServerSide\GridBlazorServerSide.csproj", "{88943E18-7CCE-4CC0-A270-09BF217077A7}"
EndProject
Project("{9A19103F-16F7-4668-BE54-9A1E7A4F7556}") = "GridBlazorClientSide.Shared", "GridBlazorClientSide.Shared\GridBlazorClientSide.Shared.csproj", "{3EBE8A1E-7464-4A1F-B569-E1EE7C845350}"
EndProject
Project("{9A19103F-16F7-4668-BE54-9A1E7A4F7556}") = "GridBlazorClientSide.Client", "GridBlazorClientSide.Client\GridBlazorClientSide.Client.csproj", "{1F953281-5963-42A0-AB2F-7D6C437F3E1A}"
EndProject
Project("{9A19103F-16F7-4668-BE54-9A1E7A4F7556}") = "GridBlazorClientSide.Server", "GridBlazorClientSide.Server\GridBlazorClientSide.Server.csproj", "{540C72FA-16A9-42FB-BAE6-0043D3DEE5BC}"
EndProject
Project("{9A19103F-16F7-4668-BE54-9A1E7A4F7556}") = "GridBlazorOData.Server", "GridBlazorOData.Server\GridBlazorOData.Server.csproj", "{D8B0F38E-9A68-454E-8975-19989C3AA3A8}"
EndProject
Project("{9A19103F-16F7-4668-BE54-9A1E7A4F7556}") = "GridBlazorOData.Client", "GridBlazorOData.Client\GridBlazorOData.Client.csproj", "{8B497E62-4369-441A-A2AD-841D0A792179}"
EndProject
Project("{9A19103F-16F7-4668-BE54-9A1E7A4F7556}") = "GridBlazorOData.Shared", "GridBlazorOData.Shared\GridBlazorOData.Shared.csproj", "{9E59D5E8-A7BE-4DE0-A8EF-396801F62D90}"
EndProject
Project("{9A19103F-16F7-4668-BE54-9A1E7A4F7556}") = "GridSharedData", "GridSharedData\GridSharedData.csproj", "{D1864254-2B73-465A-A7C6-8E13B24A1B3B}"
EndProject
Project("{9A19103F-16F7-4668-BE54-9A1E7A4F7556}") = "GridCore", "GridCore\GridCore.csproj", "{A8E53274-6546-4C01-B3D8-591A73D311BF}"
EndProject
Project("{9A19103F-16F7-4668-BE54-9A1E7A4F7556}") = "GridBlazorStandalone", "GridBlazorStandalone\GridBlazorStandalone.csproj", "{A6BA4E7B-7CF0-4634-9A38-1F459D734D3F}"
EndProject
Project("{9A19103F-16F7-4668-BE54-9A1E7A4F7556}") = "GridBlazorGrpc.Shared", "GridBlazorGrpc.Shared\GridBlazorGrpc.Shared.csproj", "{40717507-52FC-40B2-8166-E06254C25B24}"
EndProject
Project("{9A19103F-16F7-4668-BE54-9A1E7A4F7556}") = "GridBlazorGrpc.Client", "GridBlazorGrpc.Client\GridBlazorGrpc.Client.csproj", "{5F531B04-066B-4DBC-AD0D-AAA8BD1595A8}"
EndProject
Project("{9A19103F-16F7-4668-BE54-9A1E7A4F7556}") = "GridBlazorGrpc.Server", "GridBlazorGrpc.Server\GridBlazorGrpc.Server.csproj", "{FD560288-98BB-45C3-AD8E-5085E62AB6EA}"
EndProject
Project("{9A19103F-16F7-4668-BE54-9A1E7A4F7556}") = "GridBlazorJava", "GridBlazorJava\GridBlazorJava.csproj", "{0BD6B9D8-E55A-40BB-916B-2FAD28CFB541}"
EndProject
Global
	GlobalSection(SolutionConfigurationPlatforms) = preSolution
		Debug|Any CPU = Debug|Any CPU
		Release|Any CPU = Release|Any CPU
	EndGlobalSection
	GlobalSection(ProjectConfigurationPlatforms) = postSolution
		{0EF5DFF5-1E59-44E6-A7D6-31A6F7B90C56}.Debug|Any CPU.ActiveCfg = Debug|Any CPU
		{0EF5DFF5-1E59-44E6-A7D6-31A6F7B90C56}.Debug|Any CPU.Build.0 = Debug|Any CPU
		{0EF5DFF5-1E59-44E6-A7D6-31A6F7B90C56}.Release|Any CPU.ActiveCfg = Release|Any CPU
		{0EF5DFF5-1E59-44E6-A7D6-31A6F7B90C56}.Release|Any CPU.Build.0 = Release|Any CPU
		{40DA789F-0ACE-4B80-841D-A07A46A90918}.Debug|Any CPU.ActiveCfg = Debug|Any CPU
		{40DA789F-0ACE-4B80-841D-A07A46A90918}.Debug|Any CPU.Build.0 = Debug|Any CPU
		{40DA789F-0ACE-4B80-841D-A07A46A90918}.Release|Any CPU.ActiveCfg = Release|Any CPU
		{40DA789F-0ACE-4B80-841D-A07A46A90918}.Release|Any CPU.Build.0 = Release|Any CPU
		{EFBDEB2B-0AE4-4496-AB84-FC9F1A918DB6}.Debug|Any CPU.ActiveCfg = Debug|Any CPU
		{EFBDEB2B-0AE4-4496-AB84-FC9F1A918DB6}.Debug|Any CPU.Build.0 = Debug|Any CPU
		{EFBDEB2B-0AE4-4496-AB84-FC9F1A918DB6}.Release|Any CPU.ActiveCfg = Release|Any CPU
		{EFBDEB2B-0AE4-4496-AB84-FC9F1A918DB6}.Release|Any CPU.Build.0 = Release|Any CPU
		{330BFF8B-4188-4BAF-8A8B-97C1A691DD87}.Debug|Any CPU.ActiveCfg = Debug|Any CPU
		{330BFF8B-4188-4BAF-8A8B-97C1A691DD87}.Debug|Any CPU.Build.0 = Debug|Any CPU
		{330BFF8B-4188-4BAF-8A8B-97C1A691DD87}.Release|Any CPU.ActiveCfg = Release|Any CPU
		{330BFF8B-4188-4BAF-8A8B-97C1A691DD87}.Release|Any CPU.Build.0 = Release|Any CPU
		{A37A45C0-E404-4C40-8A65-34464E20983C}.Debug|Any CPU.ActiveCfg = Debug|Any CPU
		{A37A45C0-E404-4C40-8A65-34464E20983C}.Debug|Any CPU.Build.0 = Debug|Any CPU
		{A37A45C0-E404-4C40-8A65-34464E20983C}.Release|Any CPU.ActiveCfg = Release|Any CPU
		{A37A45C0-E404-4C40-8A65-34464E20983C}.Release|Any CPU.Build.0 = Release|Any CPU
		{80351E74-E7A8-4A72-8AB7-2E48E26BA139}.Debug|Any CPU.ActiveCfg = Debug|Any CPU
		{80351E74-E7A8-4A72-8AB7-2E48E26BA139}.Debug|Any CPU.Build.0 = Debug|Any CPU
		{80351E74-E7A8-4A72-8AB7-2E48E26BA139}.Release|Any CPU.ActiveCfg = Release|Any CPU
		{80351E74-E7A8-4A72-8AB7-2E48E26BA139}.Release|Any CPU.Build.0 = Release|Any CPU
		{88943E18-7CCE-4CC0-A270-09BF217077A7}.Debug|Any CPU.ActiveCfg = Debug|Any CPU
		{88943E18-7CCE-4CC0-A270-09BF217077A7}.Debug|Any CPU.Build.0 = Debug|Any CPU
		{88943E18-7CCE-4CC0-A270-09BF217077A7}.Release|Any CPU.ActiveCfg = Release|Any CPU
		{88943E18-7CCE-4CC0-A270-09BF217077A7}.Release|Any CPU.Build.0 = Release|Any CPU
		{3EBE8A1E-7464-4A1F-B569-E1EE7C845350}.Debug|Any CPU.ActiveCfg = Debug|Any CPU
		{3EBE8A1E-7464-4A1F-B569-E1EE7C845350}.Debug|Any CPU.Build.0 = Debug|Any CPU
		{3EBE8A1E-7464-4A1F-B569-E1EE7C845350}.Release|Any CPU.ActiveCfg = Release|Any CPU
		{3EBE8A1E-7464-4A1F-B569-E1EE7C845350}.Release|Any CPU.Build.0 = Release|Any CPU
		{1F953281-5963-42A0-AB2F-7D6C437F3E1A}.Debug|Any CPU.ActiveCfg = Debug|Any CPU
		{1F953281-5963-42A0-AB2F-7D6C437F3E1A}.Debug|Any CPU.Build.0 = Debug|Any CPU
		{1F953281-5963-42A0-AB2F-7D6C437F3E1A}.Release|Any CPU.ActiveCfg = Release|Any CPU
		{1F953281-5963-42A0-AB2F-7D6C437F3E1A}.Release|Any CPU.Build.0 = Release|Any CPU
		{540C72FA-16A9-42FB-BAE6-0043D3DEE5BC}.Debug|Any CPU.ActiveCfg = Debug|Any CPU
		{540C72FA-16A9-42FB-BAE6-0043D3DEE5BC}.Debug|Any CPU.Build.0 = Debug|Any CPU
		{540C72FA-16A9-42FB-BAE6-0043D3DEE5BC}.Release|Any CPU.ActiveCfg = Release|Any CPU
		{540C72FA-16A9-42FB-BAE6-0043D3DEE5BC}.Release|Any CPU.Build.0 = Release|Any CPU
		{D8B0F38E-9A68-454E-8975-19989C3AA3A8}.Debug|Any CPU.ActiveCfg = Debug|Any CPU
		{D8B0F38E-9A68-454E-8975-19989C3AA3A8}.Debug|Any CPU.Build.0 = Debug|Any CPU
		{D8B0F38E-9A68-454E-8975-19989C3AA3A8}.Release|Any CPU.ActiveCfg = Release|Any CPU
		{D8B0F38E-9A68-454E-8975-19989C3AA3A8}.Release|Any CPU.Build.0 = Release|Any CPU
		{8B497E62-4369-441A-A2AD-841D0A792179}.Debug|Any CPU.ActiveCfg = Debug|Any CPU
		{8B497E62-4369-441A-A2AD-841D0A792179}.Debug|Any CPU.Build.0 = Debug|Any CPU
		{8B497E62-4369-441A-A2AD-841D0A792179}.Release|Any CPU.ActiveCfg = Release|Any CPU
		{8B497E62-4369-441A-A2AD-841D0A792179}.Release|Any CPU.Build.0 = Release|Any CPU
		{9E59D5E8-A7BE-4DE0-A8EF-396801F62D90}.Debug|Any CPU.ActiveCfg = Debug|Any CPU
		{9E59D5E8-A7BE-4DE0-A8EF-396801F62D90}.Debug|Any CPU.Build.0 = Debug|Any CPU
		{9E59D5E8-A7BE-4DE0-A8EF-396801F62D90}.Release|Any CPU.ActiveCfg = Release|Any CPU
		{9E59D5E8-A7BE-4DE0-A8EF-396801F62D90}.Release|Any CPU.Build.0 = Release|Any CPU
		{D1864254-2B73-465A-A7C6-8E13B24A1B3B}.Debug|Any CPU.ActiveCfg = Debug|Any CPU
		{D1864254-2B73-465A-A7C6-8E13B24A1B3B}.Debug|Any CPU.Build.0 = Debug|Any CPU
		{D1864254-2B73-465A-A7C6-8E13B24A1B3B}.Release|Any CPU.ActiveCfg = Release|Any CPU
		{D1864254-2B73-465A-A7C6-8E13B24A1B3B}.Release|Any CPU.Build.0 = Release|Any CPU
		{A8E53274-6546-4C01-B3D8-591A73D311BF}.Debug|Any CPU.ActiveCfg = Debug|Any CPU
		{A8E53274-6546-4C01-B3D8-591A73D311BF}.Debug|Any CPU.Build.0 = Debug|Any CPU
		{A8E53274-6546-4C01-B3D8-591A73D311BF}.Release|Any CPU.ActiveCfg = Release|Any CPU
		{A8E53274-6546-4C01-B3D8-591A73D311BF}.Release|Any CPU.Build.0 = Release|Any CPU
		{A6BA4E7B-7CF0-4634-9A38-1F459D734D3F}.Debug|Any CPU.ActiveCfg = Debug|Any CPU
		{A6BA4E7B-7CF0-4634-9A38-1F459D734D3F}.Debug|Any CPU.Build.0 = Debug|Any CPU
		{A6BA4E7B-7CF0-4634-9A38-1F459D734D3F}.Release|Any CPU.ActiveCfg = Release|Any CPU
		{A6BA4E7B-7CF0-4634-9A38-1F459D734D3F}.Release|Any CPU.Build.0 = Release|Any CPU
		{40717507-52FC-40B2-8166-E06254C25B24}.Debug|Any CPU.ActiveCfg = Debug|Any CPU
		{40717507-52FC-40B2-8166-E06254C25B24}.Debug|Any CPU.Build.0 = Debug|Any CPU
		{40717507-52FC-40B2-8166-E06254C25B24}.Release|Any CPU.ActiveCfg = Release|Any CPU
		{40717507-52FC-40B2-8166-E06254C25B24}.Release|Any CPU.Build.0 = Release|Any CPU
		{5F531B04-066B-4DBC-AD0D-AAA8BD1595A8}.Debug|Any CPU.ActiveCfg = Debug|Any CPU
		{5F531B04-066B-4DBC-AD0D-AAA8BD1595A8}.Debug|Any CPU.Build.0 = Debug|Any CPU
		{5F531B04-066B-4DBC-AD0D-AAA8BD1595A8}.Release|Any CPU.ActiveCfg = Release|Any CPU
		{5F531B04-066B-4DBC-AD0D-AAA8BD1595A8}.Release|Any CPU.Build.0 = Release|Any CPU
		{FD560288-98BB-45C3-AD8E-5085E62AB6EA}.Debug|Any CPU.ActiveCfg = Debug|Any CPU
		{FD560288-98BB-45C3-AD8E-5085E62AB6EA}.Debug|Any CPU.Build.0 = Debug|Any CPU
		{FD560288-98BB-45C3-AD8E-5085E62AB6EA}.Release|Any CPU.ActiveCfg = Release|Any CPU
		{FD560288-98BB-45C3-AD8E-5085E62AB6EA}.Release|Any CPU.Build.0 = Release|Any CPU
		{0BD6B9D8-E55A-40BB-916B-2FAD28CFB541}.Debug|Any CPU.ActiveCfg = Debug|Any CPU
		{0BD6B9D8-E55A-40BB-916B-2FAD28CFB541}.Debug|Any CPU.Build.0 = Debug|Any CPU
		{0BD6B9D8-E55A-40BB-916B-2FAD28CFB541}.Release|Any CPU.ActiveCfg = Release|Any CPU
		{0BD6B9D8-E55A-40BB-916B-2FAD28CFB541}.Release|Any CPU.Build.0 = Release|Any CPU
	EndGlobalSection
	GlobalSection(SolutionProperties) = preSolution
		HideSolutionNode = FALSE
	EndGlobalSection
	GlobalSection(ExtensibilityGlobals) = postSolution
		VisualSVNWorkingCopyRoot = .
		SolutionGuid = {895FF79E-EBAE-48F1-BB99-DEE7E62B0DB6}
	EndGlobalSection
EndGlobal
